# This file is autogenerated, do not edit; changes may be undone by the next 'dep ensure'.


[[projects]]
  name = "github.com/gorilla/context"
  packages = ["."]
  revision = "215affda49addc4c8ef7e2534915df2c8c35c6cd"

[[projects]]
  name = "github.com/gorilla/mux"
  packages = ["."]
  revision = "94903de8c98a68d8b4483c529b26a5d146e386a2"

[[projects]]
  name = "github.com/jmoiron/sqlx"
  packages = [
    ".",
    "reflectx"
  ]
  revision = "23a7b787ffc1205098c38f534c4bf3764ae7b713"

[[projects]]
  name = "github.com/lib/pq"
  packages = [
    ".",
    "oid"
  ]
  revision = "93e9980741c9e593411b94e07d5bad8cfb4809db"

[solve-meta]
  analyzer-name = "dep"
  analyzer-version = 1
  inputs-digest = "8279a4d12c8e2a3e9ae71b43afac67a7a2ace6f1992d21440b9d58f2c6a7e0a5"
  solver-name = "gps-cdcl"
  solver-version = 1
